
Microsoft Visual Studio Solution File, Format Version 12.00
# Visual Studio 15
VisualStudioVersion = 15.0.27130.2027
MinimumVisualStudioVersion = 10.0.40219.1
Project("{9A19103F-16F7-4668-BE54-9A1E7A4F7556}") = "ISEntrega.Core.Application", "src\ISEntrega.Core.Application\ISEntrega.Core.Application.csproj", "{48312F81-E680-4336-8A02-1BDFEFFC8CD0}"
EndProject
Project("{9A19103F-16F7-4668-BE54-9A1E7A4F7556}") = "ISEntrega.Core.Domain", "src\ISEntrega.Core.Domain\ISEntrega.Core.Domain.csproj", "{AD5FABDF-1409-4F3E-8FDD-CF323FF99C3F}"
EndProject
Project("{9A19103F-16F7-4668-BE54-9A1E7A4F7556}") = "ISEntrega.Core.Domain.Shared", "src\ISEntrega.Core.Domain.Shared\ISEntrega.Core.Domain.Shared.csproj", "{8486FBF3-C872-4F49-AC7B-5ED34616F27F}"
EndProject
Project("{9A19103F-16F7-4668-BE54-9A1E7A4F7556}") = "ISEntrega.Core.Infrastructure", "src\ISEntrega.Core.Infrastructure\ISEntrega.Core.Infrastructure.csproj", "{A25B9E6F-7D02-4E95-A5A0-FBC997E882CB}"
EndProject
Project("{9A19103F-16F7-4668-BE54-9A1E7A4F7556}") = "ISEntrega.Core.RoboAPI", "src\ISEntrega.Core.RoboAPI\ISEntrega.Core.RoboAPI.csproj", "{68BC55B9-0C62-46DC-A3AF-2FE28E0728BF}"
EndProject
Project("{2150E333-8FDC-42A3-9474-1A3956D46DE8}") = "0 - Jobs", "0 - Jobs", "{1172FF5C-A533-4427-B144-576AC4368813}"
EndProject
Project("{2150E333-8FDC-42A3-9474-1A3956D46DE8}") = "1 - Services", "1 - Services", "{D90FB4DF-3785-426B-BB48-5C0980B9E488}"
EndProject
Project("{2150E333-8FDC-42A3-9474-1A3956D46DE8}") = "2 - Application", "2 - Application", "{8D46AB08-C2CE-4F34-9AC6-FE2B64FE83C2}"
EndProject
Project("{2150E333-8FDC-42A3-9474-1A3956D46DE8}") = "3 - Domain", "3 - Domain", "{D42FCA3C-56CD-424B-900D-87196FAEFBA7}"
EndProject
Project("{2150E333-8FDC-42A3-9474-1A3956D46DE8}") = "4 - Infra", "4 - Infra", "{A26E708C-8456-440F-81C4-0B96E41236CD}"
EndProject
Project("{9A19103F-16F7-4668-BE54-9A1E7A4F7556}") = "ISEntrega.Core.TotvsAPI", "src\ISEntrega.Core.TotvsAPI\ISEntrega.Core.TotvsAPI.csproj", "{E20F509F-9547-47AA-8699-CA8CFF690910}"
EndProject
Project("{FAE04EC0-301F-11D3-BF4B-00C04F79EFBC}") = "ISEntrega.Core.Jobs", "src\ISEntrega.Core.Jobs\ISEntrega.Core.Jobs.csproj", "{D9E0AF0D-F03A-472E-AF0B-9F88229C8ED1}"
EndProject
Global
	GlobalSection(SolutionConfigurationPlatforms) = preSolution
		Debug|Any CPU = Debug|Any CPU
		Debug|x64 = Debug|x64
		Debug|x86 = Debug|x86
		Release|Any CPU = Release|Any CPU
		Release|x64 = Release|x64
		Release|x86 = Release|x86
	EndGlobalSection
	GlobalSection(ProjectConfigurationPlatforms) = postSolution
		{48312F81-E680-4336-8A02-1BDFEFFC8CD0}.Debug|Any CPU.ActiveCfg = Debug|Any CPU
		{48312F81-E680-4336-8A02-1BDFEFFC8CD0}.Debug|Any CPU.Build.0 = Debug|Any CPU
		{48312F81-E680-4336-8A02-1BDFEFFC8CD0}.Debug|x64.ActiveCfg = Debug|Any CPU
		{48312F81-E680-4336-8A02-1BDFEFFC8CD0}.Debug|x64.Build.0 = Debug|Any CPU
		{48312F81-E680-4336-8A02-1BDFEFFC8CD0}.Debug|x86.ActiveCfg = Debug|Any CPU
		{48312F81-E680-4336-8A02-1BDFEFFC8CD0}.Debug|x86.Build.0 = Debug|Any CPU
		{48312F81-E680-4336-8A02-1BDFEFFC8CD0}.Release|Any CPU.ActiveCfg = Release|Any CPU
		{48312F81-E680-4336-8A02-1BDFEFFC8CD0}.Release|Any CPU.Build.0 = Release|Any CPU
		{48312F81-E680-4336-8A02-1BDFEFFC8CD0}.Release|x64.ActiveCfg = Release|Any CPU
		{48312F81-E680-4336-8A02-1BDFEFFC8CD0}.Release|x64.Build.0 = Release|Any CPU
		{48312F81-E680-4336-8A02-1BDFEFFC8CD0}.Release|x86.ActiveCfg = Release|Any CPU
		{48312F81-E680-4336-8A02-1BDFEFFC8CD0}.Release|x86.Build.0 = Release|Any CPU
		{AD5FABDF-1409-4F3E-8FDD-CF323FF99C3F}.Debug|Any CPU.ActiveCfg = Debug|Any CPU
		{AD5FABDF-1409-4F3E-8FDD-CF323FF99C3F}.Debug|Any CPU.Build.0 = Debug|Any CPU
		{AD5FABDF-1409-4F3E-8FDD-CF323FF99C3F}.Debug|x64.ActiveCfg = Debug|Any CPU
		{AD5FABDF-1409-4F3E-8FDD-CF323FF99C3F}.Debug|x64.Build.0 = Debug|Any CPU
		{AD5FABDF-1409-4F3E-8FDD-CF323FF99C3F}.Debug|x86.ActiveCfg = Debug|Any CPU
		{AD5FABDF-1409-4F3E-8FDD-CF323FF99C3F}.Debug|x86.Build.0 = Debug|Any CPU
		{AD5FABDF-1409-4F3E-8FDD-CF323FF99C3F}.Release|Any CPU.ActiveCfg = Release|Any CPU
		{AD5FABDF-1409-4F3E-8FDD-CF323FF99C3F}.Release|Any CPU.Build.0 = Release|Any CPU
		{AD5FABDF-1409-4F3E-8FDD-CF323FF99C3F}.Release|x64.ActiveCfg = Release|Any CPU
		{AD5FABDF-1409-4F3E-8FDD-CF323FF99C3F}.Release|x64.Build.0 = Release|Any CPU
		{AD5FABDF-1409-4F3E-8FDD-CF323FF99C3F}.Release|x86.ActiveCfg = Release|Any CPU
		{AD5FABDF-1409-4F3E-8FDD-CF323FF99C3F}.Release|x86.Build.0 = Release|Any CPU
		{8486FBF3-C872-4F49-AC7B-5ED34616F27F}.Debug|Any CPU.ActiveCfg = Debug|Any CPU
		{8486FBF3-C872-4F49-AC7B-5ED34616F27F}.Debug|Any CPU.Build.0 = Debug|Any CPU
		{8486FBF3-C872-4F49-AC7B-5ED34616F27F}.Debug|x64.ActiveCfg = Debug|Any CPU
		{8486FBF3-C872-4F49-AC7B-5ED34616F27F}.Debug|x64.Build.0 = Debug|Any CPU
		{8486FBF3-C872-4F49-AC7B-5ED34616F27F}.Debug|x86.ActiveCfg = Debug|Any CPU
		{8486FBF3-C872-4F49-AC7B-5ED34616F27F}.Debug|x86.Build.0 = Debug|Any CPU
		{8486FBF3-C872-4F49-AC7B-5ED34616F27F}.Release|Any CPU.ActiveCfg = Release|Any CPU
		{8486FBF3-C872-4F49-AC7B-5ED34616F27F}.Release|Any CPU.Build.0 = Release|Any CPU
		{8486FBF3-C872-4F49-AC7B-5ED34616F27F}.Release|x64.ActiveCfg = Release|Any CPU
		{8486FBF3-C872-4F49-AC7B-5ED34616F27F}.Release|x64.Build.0 = Release|Any CPU
		{8486FBF3-C872-4F49-AC7B-5ED34616F27F}.Release|x86.ActiveCfg = Release|Any CPU
		{8486FBF3-C872-4F49-AC7B-5ED34616F27F}.Release|x86.Build.0 = Release|Any CPU
		{A25B9E6F-7D02-4E95-A5A0-FBC997E882CB}.Debug|Any CPU.ActiveCfg = Debug|Any CPU
		{A25B9E6F-7D02-4E95-A5A0-FBC997E882CB}.Debug|Any CPU.Build.0 = Debug|Any CPU
		{A25B9E6F-7D02-4E95-A5A0-FBC997E882CB}.Debug|x64.ActiveCfg = Debug|Any CPU
		{A25B9E6F-7D02-4E95-A5A0-FBC997E882CB}.Debug|x64.Build.0 = Debug|Any CPU
		{A25B9E6F-7D02-4E95-A5A0-FBC997E882CB}.Debug|x86.ActiveCfg = Debug|Any CPU
		{A25B9E6F-7D02-4E95-A5A0-FBC997E882CB}.Debug|x86.Build.0 = Debug|Any CPU
		{A25B9E6F-7D02-4E95-A5A0-FBC997E882CB}.Release|Any CPU.ActiveCfg = Release|Any CPU
		{A25B9E6F-7D02-4E95-A5A0-FBC997E882CB}.Release|Any CPU.Build.0 = Release|Any CPU
		{A25B9E6F-7D02-4E95-A5A0-FBC997E882CB}.Release|x64.ActiveCfg = Release|Any CPU
		{A25B9E6F-7D02-4E95-A5A0-FBC997E882CB}.Release|x64.Build.0 = Release|Any CPU
		{A25B9E6F-7D02-4E95-A5A0-FBC997E882CB}.Release|x86.ActiveCfg = Release|Any CPU
		{A25B9E6F-7D02-4E95-A5A0-FBC997E882CB}.Release|x86.Build.0 = Release|Any CPU
		{68BC55B9-0C62-46DC-A3AF-2FE28E0728BF}.Debug|Any CPU.ActiveCfg = Debug|Any CPU
		{68BC55B9-0C62-46DC-A3AF-2FE28E0728BF}.Debug|Any CPU.Build.0 = Debug|Any CPU
		{68BC55B9-0C62-46DC-A3AF-2FE28E0728BF}.Debug|x64.ActiveCfg = Debug|Any CPU
		{68BC55B9-0C62-46DC-A3AF-2FE28E0728BF}.Debug|x64.Build.0 = Debug|Any CPU
		{68BC55B9-0C62-46DC-A3AF-2FE28E0728BF}.Debug|x86.ActiveCfg = Debug|Any CPU
		{68BC55B9-0C62-46DC-A3AF-2FE28E0728BF}.Debug|x86.Build.0 = Debug|Any CPU
		{68BC55B9-0C62-46DC-A3AF-2FE28E0728BF}.Release|Any CPU.ActiveCfg = Release|Any CPU
		{68BC55B9-0C62-46DC-A3AF-2FE28E0728BF}.Release|Any CPU.Build.0 = Release|Any CPU
		{68BC55B9-0C62-46DC-A3AF-2FE28E0728BF}.Release|x64.ActiveCfg = Release|Any CPU
		{68BC55B9-0C62-46DC-A3AF-2FE28E0728BF}.Release|x64.Build.0 = Release|Any CPU
		{68BC55B9-0C62-46DC-A3AF-2FE28E0728BF}.Release|x86.ActiveCfg = Release|Any CPU
		{68BC55B9-0C62-46DC-A3AF-2FE28E0728BF}.Release|x86.Build.0 = Release|Any CPU
		{E20F509F-9547-47AA-8699-CA8CFF690910}.Debug|Any CPU.ActiveCfg = Debug|Any CPU
		{E20F509F-9547-47AA-8699-CA8CFF690910}.Debug|Any CPU.Build.0 = Debug|Any CPU
		{E20F509F-9547-47AA-8699-CA8CFF690910}.Debug|x64.ActiveCfg = Debug|Any CPU
		{E20F509F-9547-47AA-8699-CA8CFF690910}.Debug|x64.Build.0 = Debug|Any CPU
		{E20F509F-9547-47AA-8699-CA8CFF690910}.Debug|x86.ActiveCfg = Debug|Any CPU
		{E20F509F-9547-47AA-8699-CA8CFF690910}.Debug|x86.Build.0 = Debug|Any CPU
		{E20F509F-9547-47AA-8699-CA8CFF690910}.Release|Any CPU.ActiveCfg = Release|Any CPU
		{E20F509F-9547-47AA-8699-CA8CFF690910}.Release|Any CPU.Build.0 = Release|Any CPU
		{E20F509F-9547-47AA-8699-CA8CFF690910}.Release|x64.ActiveCfg = Release|Any CPU
		{E20F509F-9547-47AA-8699-CA8CFF690910}.Release|x64.Build.0 = Release|Any CPU
		{E20F509F-9547-47AA-8699-CA8CFF690910}.Release|x86.ActiveCfg = Release|Any CPU
		{E20F509F-9547-47AA-8699-CA8CFF690910}.Release|x86.Build.0 = Release|Any CPU
		{D9E0AF0D-F03A-472E-AF0B-9F88229C8ED1}.Debug|Any CPU.ActiveCfg = Debug|Any CPU
		{D9E0AF0D-F03A-472E-AF0B-9F88229C8ED1}.Debug|Any CPU.Build.0 = Debug|Any CPU
		{D9E0AF0D-F03A-472E-AF0B-9F88229C8ED1}.Debug|x64.ActiveCfg = Debug|Any CPU
		{D9E0AF0D-F03A-472E-AF0B-9F88229C8ED1}.Debug|x64.Build.0 = Debug|Any CPU
		{D9E0AF0D-F03A-472E-AF0B-9F88229C8ED1}.Debug|x86.ActiveCfg = Debug|Any CPU
		{D9E0AF0D-F03A-472E-AF0B-9F88229C8ED1}.Debug|x86.Build.0 = Debug|Any CPU
		{D9E0AF0D-F03A-472E-AF0B-9F88229C8ED1}.Release|Any CPU.ActiveCfg = Release|Any CPU
		{D9E0AF0D-F03A-472E-AF0B-9F88229C8ED1}.Release|Any CPU.Build.0 = Release|Any CPU
		{D9E0AF0D-F03A-472E-AF0B-9F88229C8ED1}.Release|x64.ActiveCfg = Release|Any CPU
		{D9E0AF0D-F03A-472E-AF0B-9F88229C8ED1}.Release|x64.Build.0 = Release|Any CPU
		{D9E0AF0D-F03A-472E-AF0B-9F88229C8ED1}.Release|x86.ActiveCfg = Release|Any CPU
		{D9E0AF0D-F03A-472E-AF0B-9F88229C8ED1}.Release|x86.Build.0 = Release|Any CPU
	EndGlobalSection
	GlobalSection(SolutionProperties) = preSolution
		HideSolutionNode = FALSE
	EndGlobalSection
	GlobalSection(NestedProjects) = preSolution
		{48312F81-E680-4336-8A02-1BDFEFFC8CD0} = {8D46AB08-C2CE-4F34-9AC6-FE2B64FE83C2}
		{AD5FABDF-1409-4F3E-8FDD-CF323FF99C3F} = {D42FCA3C-56CD-424B-900D-87196FAEFBA7}
		{8486FBF3-C872-4F49-AC7B-5ED34616F27F} = {D42FCA3C-56CD-424B-900D-87196FAEFBA7}
		{A25B9E6F-7D02-4E95-A5A0-FBC997E882CB} = {A26E708C-8456-440F-81C4-0B96E41236CD}
		{68BC55B9-0C62-46DC-A3AF-2FE28E0728BF} = {D90FB4DF-3785-426B-BB48-5C0980B9E488}
		{E20F509F-9547-47AA-8699-CA8CFF690910} = {D90FB4DF-3785-426B-BB48-5C0980B9E488}
		{D9E0AF0D-F03A-472E-AF0B-9F88229C8ED1} = {1172FF5C-A533-4427-B144-576AC4368813}
	EndGlobalSection
	GlobalSection(ExtensibilityGlobals) = postSolution
		SolutionGuid = {0994A11A-29D3-49D4-933C-793CD91A411C}
	EndGlobalSection
EndGlobal
